
Microsoft Visual Studio Solution File, Format Version 12.00
# Visual Studio Version 17
VisualStudioVersion = 17.8.34322.80
MinimumVisualStudioVersion = 10.0.40219.1
Project("{FAE04EC0-301F-11D3-BF4B-00C04F79EFBC}") = "EFCore_Console", "EFCore_Console\EFCore_Console.csproj", "{C68BCEDF-076B-4695-BC14-58DAAFFDEFEB}"
EndProject
Project("{FAE04EC0-301F-11D3-BF4B-00C04F79EFBC}") = "EFCore_Domain", "EFCore_Domain\EFCore_Domain.csproj", "{A8D7C2A3-1DC8-4CBB-8571-2614B4B9099F}"
EndProject
Project("{FAE04EC0-301F-11D3-BF4B-00C04F79EFBC}") = "EFCore_Data", "EFCore_Data\EFCore_Data.csproj", "{A88BE853-46CE-4ADE-B06B-AA1A60E27B25}"
EndProject
Global
	GlobalSection(SolutionConfigurationPlatforms) = preSolution
		Debug|Any CPU = Debug|Any CPU
		Release|Any CPU = Release|Any CPU
	EndGlobalSection
	GlobalSection(ProjectConfigurationPlatforms) = postSolution
		{C68BCEDF-076B-4695-BC14-58DAAFFDEFEB}.Debug|Any CPU.ActiveCfg = Debug|Any CPU
		{C68BCEDF-076B-4695-BC14-58DAAFFDEFEB}.Debug|Any CPU.Build.0 = Debug|Any CPU
		{C68BCEDF-076B-4695-BC14-58DAAFFDEFEB}.Release|Any CPU.ActiveCfg = Release|Any CPU
		{C68BCEDF-076B-4695-BC14-58DAAFFDEFEB}.Release|Any CPU.Build.0 = Release|Any CPU
		{A8D7C2A3-1DC8-4CBB-8571-2614B4B9099F}.Debug|Any CPU.ActiveCfg = Debug|Any CPU
		{A8D7C2A3-1DC8-4CBB-8571-2614B4B9099F}.Debug|Any CPU.Build.0 = Debug|Any CPU
		{A8D7C2A3-1DC8-4CBB-8571-2614B4B9099F}.Release|Any CPU.ActiveCfg = Release|Any CPU
		{A8D7C2A3-1DC8-4CBB-8571-2614B4B9099F}.Release|Any CPU.Build.0 = Release|Any CPU
		{A88BE853-46CE-4ADE-B06B-AA1A60E27B25}.Debug|Any CPU.ActiveCfg = Debug|Any CPU
		{A88BE853-46CE-4ADE-B06B-AA1A60E27B25}.Debug|Any CPU.Build.0 = Debug|Any CPU
		{A88BE853-46CE-4ADE-B06B-AA1A60E27B25}.Release|Any CPU.ActiveCfg = Release|Any CPU
		{A88BE853-46CE-4ADE-B06B-AA1A60E27B25}.Release|Any CPU.Build.0 = Release|Any CPU
	EndGlobalSection
	GlobalSection(SolutionProperties) = preSolution
		HideSolutionNode = FALSE
	EndGlobalSection
	GlobalSection(ExtensibilityGlobals) = postSolution
		SolutionGuid = {1B24479A-117C-4957-BB6F-9E46A27B381C}
	EndGlobalSection
EndGlobal
